name: Warlock
default: false
parents:
    strong: []
    weak: [Fighter, Mage]
primary: false
secondary: true
description: A dangerous battle mage
max-level: 30
permitted-armor:
- IRON
permitted-weapon:
- GOLD_PICKAXE
- IRON_PICKAXE
- DIAMOND_PICKAXE
item-damage:
item-damage-level:
projectile-damage:
projectile-damage-level:
permitted-skills:
    Slow:
        level: 1
        mana: 5
        cooldown: 20000  
        max-distance: 20
        speed-multiplier: 2
        duration: 15000
        duration-increase: 0
        damage: 8
        damage-increase: 0
    SonicBoom:
        level: 1
        mana: 5
        delay: 0
        duration: 1000
        cooldown: 2000
        duration-increase: 0
        radius: 10
        radius-increase: 0
        damage: 3
    Icebrand:
        level: 10
        cooldown: 500
        duration: 2000
    Void:
        level: 30
        mana: 15
        cooldown: 20000
        duration: 5000
experience-sources:
- KILLING
- PVP
- QUESTING
- EXTERNAL
expmodifier: 1.0
wildcard-permission: true
tier: 2
recipes: [ default ]
