name: Warlock
default: false
parents:
    strong: []
    weak: [Fighter, Mage]
primary: false
secondary: true
description: A dangerous battle mage
max-level: 30
permitted-armor:
- IRON
permitted-weapon:
- GOLD_PICKAXE
- IRON_PICKAXE
- DIAMOND_PICKAXE
item-damage:
item-damage-level:
projectile-damage:
projectile-damage-level:
permitted-skills:
    SonicBoom:
        mana: 10
        delay: 2000
        duration: 10000
        duration-increase: 0
        radius: 10
        radius-increase: 0
        damage: 5
    Icebrand:
        level: 10
        cooldown: 500
        duration: 2000
    VoidBlade:
        level: 20
        chance: 0.2
        chance-per-level: 0.0
        cooldown: 500
        duration: 2000
    Void:
        level: 30
        mana: 15
        cooldown: 20000
        duration: 5000
experience-sources:
- KILLING
- PVP
- QUESTING
- EXTERNAL
expmodifier: 1.0
wildcard-permission: true
tier: 2
recipes: [ default ]
